
Microsoft Visual Studio Solution File, Format Version 12.00
# Visual Studio Version 17
VisualStudioVersion = 17.8.34330.188
MinimumVisualStudioVersion = 10.0.40219.1
Project("{FAE04EC0-301F-11D3-BF4B-00C04F79EFBC}") = "ClienteConsoleApiOAuth", "ClienteConsoleApiOAuth\ClienteConsoleApiOAuth.csproj", "{F56DDA2F-F347-4EDD-8516-51ECFD48A743}"
EndProject
Global
	GlobalSection(SolutionConfigurationPlatforms) = preSolution
		Debug|Any CPU = Debug|Any CPU
		Release|Any CPU = Release|Any CPU
	EndGlobalSection
	GlobalSection(ProjectConfigurationPlatforms) = postSolution
		{F56DDA2F-F347-4EDD-8516-51ECFD48A743}.Debug|Any CPU.ActiveCfg = Debug|Any CPU
		{F56DDA2F-F347-4EDD-8516-51ECFD48A743}.Debug|Any CPU.Build.0 = Debug|Any CPU
		{F56DDA2F-F347-4EDD-8516-51ECFD48A743}.Release|Any CPU.ActiveCfg = Release|Any CPU
		{F56DDA2F-F347-4EDD-8516-51ECFD48A743}.Release|Any CPU.Build.0 = Release|Any CPU
	EndGlobalSection
	GlobalSection(SolutionProperties) = preSolution
		HideSolutionNode = FALSE
	EndGlobalSection
	GlobalSection(ExtensibilityGlobals) = postSolution
		SolutionGuid = {E102C288-D2F2-43A3-B7D6-DC7B0F9C9890}
	EndGlobalSection
EndGlobal
